
Microsoft Visual Studio Solution File, Format Version 12.00
# Visual Studio Version 17
VisualStudioVersion = 17.5.33516.290
MinimumVisualStudioVersion = 10.0.40219.1
Project("{9A19103F-16F7-4668-BE54-9A1E7A4F7556}") = "Ordering.Infrastructure", "src\Ordering.Infrastructure\Ordering.Infrastructure.csproj", "{DCC19ED8-02E0-463D-9716-7720428AE98C}"
EndProject
Project("{9A19103F-16F7-4668-BE54-9A1E7A4F7556}") = "Ordering.Domain", "src\Ordering.Domain\Ordering.Domain.csproj", "{BA3A068D-32E4-43C1-A29A-A0B0866CC8E1}"
EndProject
Project("{9A19103F-16F7-4668-BE54-9A1E7A4F7556}") = "Ordering.API", "src\Ordering.API\Ordering.API.csproj", "{35181263-CFEF-488C-8C7D-F81EB20325FD}"
EndProject
Global
	GlobalSection(SolutionConfigurationPlatforms) = preSolution
		Debug|Any CPU = Debug|Any CPU
		Release|Any CPU = Release|Any CPU
	EndGlobalSection
	GlobalSection(ProjectConfigurationPlatforms) = postSolution
		{DCC19ED8-02E0-463D-9716-7720428AE98C}.Debug|Any CPU.ActiveCfg = Debug|Any CPU
		{DCC19ED8-02E0-463D-9716-7720428AE98C}.Debug|Any CPU.Build.0 = Debug|Any CPU
		{DCC19ED8-02E0-463D-9716-7720428AE98C}.Release|Any CPU.ActiveCfg = Release|Any CPU
		{DCC19ED8-02E0-463D-9716-7720428AE98C}.Release|Any CPU.Build.0 = Release|Any CPU
		{BA3A068D-32E4-43C1-A29A-A0B0866CC8E1}.Debug|Any CPU.ActiveCfg = Debug|Any CPU
		{BA3A068D-32E4-43C1-A29A-A0B0866CC8E1}.Debug|Any CPU.Build.0 = Debug|Any CPU
		{BA3A068D-32E4-43C1-A29A-A0B0866CC8E1}.Release|Any CPU.ActiveCfg = Release|Any CPU
		{BA3A068D-32E4-43C1-A29A-A0B0866CC8E1}.Release|Any CPU.Build.0 = Release|Any CPU
		{35181263-CFEF-488C-8C7D-F81EB20325FD}.Debug|Any CPU.ActiveCfg = Debug|Any CPU
		{35181263-CFEF-488C-8C7D-F81EB20325FD}.Debug|Any CPU.Build.0 = Debug|Any CPU
		{35181263-CFEF-488C-8C7D-F81EB20325FD}.Release|Any CPU.ActiveCfg = Release|Any CPU
		{35181263-CFEF-488C-8C7D-F81EB20325FD}.Release|Any CPU.Build.0 = Release|Any CPU
	EndGlobalSection
	GlobalSection(SolutionProperties) = preSolution
		HideSolutionNode = FALSE
	EndGlobalSection
	GlobalSection(ExtensibilityGlobals) = postSolution
		SolutionGuid = {02E75745-BB92-471F-9A21-4D984A92930B}
	EndGlobalSection
EndGlobal
